PODS:
  - CachingPlayerItem (2.0.1)
  - Nimble (9.2.1)
  - Quick (4.0.0)

DEPENDENCIES:
  - CachingPlayerItem (from `../`)
  - Nimble (~> 9.2.0)
  - Quick (~> 4.0.0)

SPEC REPOS:
  trunk:
    - Nimble
    - Quick

EXTERNAL SOURCES:
  CachingPlayerItem:
    :path: "../"

SPEC CHECKSUMS:
  CachingPlayerItem: 7a369d20ddc09f5ac79322fd8ecd5f8369523216
  Nimble: e7e615c0335ee4bf5b0d786685451e62746117d5
  Quick: 6473349e43b9271a8d43839d9ba1c442ed1b7ac4

PODFILE CHECKSUM: 0b648f8072442c1ace440db05048c9726462e88a

COCOAPODS: 1.15.2
